
Microsoft Visual Studio Solution File, Format Version 12.00
# Visual Studio 15
VisualStudioVersion = 15.0.27130.2036
MinimumVisualStudioVersion = 10.0.40219.1
Project("{2150E333-8FDC-42A3-9474-1A3956D46DE8}") = "Lectures", "Lectures", "{DA14961B-9837-400A-9A15-C585D8D58D3E}"
EndProject
Project("{2150E333-8FDC-42A3-9474-1A3956D46DE8}") = "Day1", "Day1", "{83531043-DA3B-4B83-AF8D-CB639C328BCD}"
EndProject
Project("{FAE04EC0-301F-11D3-BF4B-00C04F79EFBC}") = "WindowsFormsApp1", "Lectures\Day1\WindowsFormsApp1\WindowsFormsApp1.csproj", "{76FBE54C-32B0-446D-819F-86978662982C}"
EndProject
Project("{FAE04EC0-301F-11D3-BF4B-00C04F79EFBC}") = "Exercise1-1", "Lectures\Day1\Exercise1-1\Exercise1-1.csproj", "{485B3210-C0A7-48B9-A5F2-17F436B5D0D4}"
EndProject
Project("{FAE04EC0-301F-11D3-BF4B-00C04F79EFBC}") = "Exercise1-2", "Lectures\Day1\Exercise1-2\Exercise1-2.csproj", "{C684A969-811D-4583-87A0-C614F1E0500A}"
EndProject
Project("{FAE04EC0-301F-11D3-BF4B-00C04F79EFBC}") = "PrescribedLectureExercise", "Lectures\Day1\PrescribedLectureExercise\PrescribedLectureExercise.csproj", "{7949E4D5-F34B-461B-917B-C9718DF10263}"
EndProject
Project("{2150E333-8FDC-42A3-9474-1A3956D46DE8}") = "Day2", "Day2", "{7E7A6385-C3C7-4240-8255-BAE565336AA8}"
EndProject
Project("{FAE04EC0-301F-11D3-BF4B-00C04F79EFBC}") = "EFDemo", "Lectures\Day2\EFDemo\EFDemo.csproj", "{C424800B-51AA-41D2-AC81-C92C5213334B}"
EndProject
Project("{FAE04EC0-301F-11D3-BF4B-00C04F79EFBC}") = "LunchExercise", "Lectures\Day2\LunchExercise\LunchExercise.csproj", "{AFE48B08-F126-419B-820C-BFEFA6790A7A}"
EndProject
Global
	GlobalSection(SolutionConfigurationPlatforms) = preSolution
		Debug|Any CPU = Debug|Any CPU
		Release|Any CPU = Release|Any CPU
	EndGlobalSection
	GlobalSection(ProjectConfigurationPlatforms) = postSolution
		{76FBE54C-32B0-446D-819F-86978662982C}.Debug|Any CPU.ActiveCfg = Debug|Any CPU
		{76FBE54C-32B0-446D-819F-86978662982C}.Debug|Any CPU.Build.0 = Debug|Any CPU
		{76FBE54C-32B0-446D-819F-86978662982C}.Release|Any CPU.ActiveCfg = Release|Any CPU
		{76FBE54C-32B0-446D-819F-86978662982C}.Release|Any CPU.Build.0 = Release|Any CPU
		{485B3210-C0A7-48B9-A5F2-17F436B5D0D4}.Debug|Any CPU.ActiveCfg = Debug|Any CPU
		{485B3210-C0A7-48B9-A5F2-17F436B5D0D4}.Debug|Any CPU.Build.0 = Debug|Any CPU
		{485B3210-C0A7-48B9-A5F2-17F436B5D0D4}.Release|Any CPU.ActiveCfg = Release|Any CPU
		{485B3210-C0A7-48B9-A5F2-17F436B5D0D4}.Release|Any CPU.Build.0 = Release|Any CPU
		{C684A969-811D-4583-87A0-C614F1E0500A}.Debug|Any CPU.ActiveCfg = Debug|Any CPU
		{C684A969-811D-4583-87A0-C614F1E0500A}.Debug|Any CPU.Build.0 = Debug|Any CPU
		{C684A969-811D-4583-87A0-C614F1E0500A}.Release|Any CPU.ActiveCfg = Release|Any CPU
		{C684A969-811D-4583-87A0-C614F1E0500A}.Release|Any CPU.Build.0 = Release|Any CPU
		{7949E4D5-F34B-461B-917B-C9718DF10263}.Debug|Any CPU.ActiveCfg = Debug|Any CPU
		{7949E4D5-F34B-461B-917B-C9718DF10263}.Debug|Any CPU.Build.0 = Debug|Any CPU
		{7949E4D5-F34B-461B-917B-C9718DF10263}.Release|Any CPU.ActiveCfg = Release|Any CPU
		{7949E4D5-F34B-461B-917B-C9718DF10263}.Release|Any CPU.Build.0 = Release|Any CPU
		{C424800B-51AA-41D2-AC81-C92C5213334B}.Debug|Any CPU.ActiveCfg = Debug|Any CPU
		{C424800B-51AA-41D2-AC81-C92C5213334B}.Debug|Any CPU.Build.0 = Debug|Any CPU
		{C424800B-51AA-41D2-AC81-C92C5213334B}.Release|Any CPU.ActiveCfg = Release|Any CPU
		{C424800B-51AA-41D2-AC81-C92C5213334B}.Release|Any CPU.Build.0 = Release|Any CPU
		{AFE48B08-F126-419B-820C-BFEFA6790A7A}.Debug|Any CPU.ActiveCfg = Debug|Any CPU
		{AFE48B08-F126-419B-820C-BFEFA6790A7A}.Debug|Any CPU.Build.0 = Debug|Any CPU
		{AFE48B08-F126-419B-820C-BFEFA6790A7A}.Release|Any CPU.ActiveCfg = Release|Any CPU
		{AFE48B08-F126-419B-820C-BFEFA6790A7A}.Release|Any CPU.Build.0 = Release|Any CPU
	EndGlobalSection
	GlobalSection(SolutionProperties) = preSolution
		HideSolutionNode = FALSE
	EndGlobalSection
	GlobalSection(NestedProjects) = preSolution
		{83531043-DA3B-4B83-AF8D-CB639C328BCD} = {DA14961B-9837-400A-9A15-C585D8D58D3E}
		{76FBE54C-32B0-446D-819F-86978662982C} = {83531043-DA3B-4B83-AF8D-CB639C328BCD}
		{485B3210-C0A7-48B9-A5F2-17F436B5D0D4} = {83531043-DA3B-4B83-AF8D-CB639C328BCD}
		{C684A969-811D-4583-87A0-C614F1E0500A} = {83531043-DA3B-4B83-AF8D-CB639C328BCD}
		{7949E4D5-F34B-461B-917B-C9718DF10263} = {83531043-DA3B-4B83-AF8D-CB639C328BCD}
		{7E7A6385-C3C7-4240-8255-BAE565336AA8} = {DA14961B-9837-400A-9A15-C585D8D58D3E}
		{C424800B-51AA-41D2-AC81-C92C5213334B} = {7E7A6385-C3C7-4240-8255-BAE565336AA8}
		{AFE48B08-F126-419B-820C-BFEFA6790A7A} = {7E7A6385-C3C7-4240-8255-BAE565336AA8}
	EndGlobalSection
	GlobalSection(ExtensibilityGlobals) = postSolution
		SolutionGuid = {784CB4FE-82C8-4BA6-A81D-C63D2E00F448}
	EndGlobalSection
EndGlobal
